{
  "pins" : [
    {
      "identity" : "pigeon",
      "kind" : "remoteSourceControl",
      "location" : "https://github.com/dtaylor1701/Pigeon",
      "state" : {
        "revision" : "e80999580f0edc01978c89d355fedc3da8197c9f",
        "version" : "1.0.0"
      }
    },
    {
      "identity" : "snackback",
      "kind" : "remoteSourceControl",
      "location" : "https://github.com/dtaylor1701/snackback",
      "state" : {
        "revision" : "323a1018becc00f0053f3d4d390fb24a693a6f61",
        "version" : "0.3.1"
      }
    },
    {
      "identity" : "snackbackmodels",
      "kind" : "remoteSourceControl",
      "location" : "https://github.com/dtaylor1701/SnackBackModels",
      "state" : {
        "revision" : "6bfffe3345a4db9c0cfbefe0749c27f872832829",
        "version" : "0.1.0"
      }
    }
  ],
  "version" : 2
}
